{
  "name": "ldk-cf-payer",
  "version": "0.1.0",
  "lockfileVersion": 3,
  "requires": true,
  "packages": {
    "": {
      "name": "ldk-cf-payer",
      "version": "0.1.0",
      "dependencies": {
        "@moneydevkit/lightning-js": "^0.1.79"
      }
    },
    "node_modules/@moneydevkit/lightning-js": {
      "version": "0.1.79",
      "resolved": "https://registry.npmjs.org/@moneydevkit/lightning-js/-/lightning-js-0.1.79.tgz",
      "integrity": "sha512-+84nhy+/0LR3INHGb/JJuRxL6mOI20vys+uNZm7zDrWaqsOQ+V/7n6c/WlmVsmtIMC+Fxq2D+E02INDfWQ/DTw==",
      "license": "MIT",
      "engines": {
        "node": ">= 10"
      },
      "optionalDependencies": {
        "@moneydevkit/lightning-js-android-arm-eabi": "0.1.79",
        "@moneydevkit/lightning-js-android-arm64": "0.1.79",
        "@moneydevkit/lightning-js-darwin-arm64": "0.1.79",
        "@moneydevkit/lightning-js-darwin-x64": "0.1.79",
        "@moneydevkit/lightning-js-freebsd-x64": "0.1.79",
        "@moneydevkit/lightning-js-linux-arm-gnueabihf": "0.1.79",
        "@moneydevkit/lightning-js-linux-arm64-gnu": "0.1.79",
        "@moneydevkit/lightning-js-linux-arm64-musl": "0.1.79",
        "@moneydevkit/lightning-js-linux-x64-gnu": "0.1.79",
        "@moneydevkit/lightning-js-linux-x64-musl": "0.1.79",
        "@moneydevkit/lightning-js-win32-arm64-msvc": "0.1.79",
        "@moneydevkit/lightning-js-win32-ia32-msvc": "0.1.79",
        "@moneydevkit/lightning-js-win32-x64-msvc": "0.1.79"
      }
    },
    "node_modules/@moneydevkit/lightning-js-android-arm64": {
      "version": "0.1.79",
      "resolved": "https://registry.npmjs.org/@moneydevkit/lightning-js-android-arm64/-/lightning-js-android-arm64-0.1.79.tgz",
      "integrity": "sha512-3WYbzLgBHFoz9YPN4ZSr/JVMMyS3qd4/aq/LN8kISZ7kBK7exLbz671ZjxC/fu8+++OSm8cdfDV/1pBT1k6sQQ==",
      "cpu": [
        "arm64"
      ],
      "license": "MIT",
      "optional": true,
      "os": [
        "android"
      ],
      "engines": {
        "node": ">= 10"
      }
    },
    "node_modules/@moneydevkit/lightning-js-darwin-arm64": {
      "version": "0.1.79",
      "resolved": "https://registry.npmjs.org/@moneydevkit/lightning-js-darwin-arm64/-/lightning-js-darwin-arm64-0.1.79.tgz",
      "integrity": "sha512-bOAW67Y4gzk5bqwX/bvBDpe6Idcc2ZzV606XFnvXkNDeGzLlXRXCDvIT1SxKwxtxJ+9ElWcJYTGj1cz9r6okSw==",
      "cpu": [
        "arm64"
      ],
      "license": "MIT",
      "optional": true,
      "os": [
        "darwin"
      ],
      "engines": {
        "node": ">= 10"
      }
    },
    "node_modules/@moneydevkit/lightning-js-darwin-x64": {
      "version": "0.1.79",
      "resolved": "https://registry.npmjs.org/@moneydevkit/lightning-js-darwin-x64/-/lightning-js-darwin-x64-0.1.79.tgz",
      "integrity": "sha512-S4YnQ9pASXuL6vahPuX8GMTpzsiShCNwgdoMe4G/3MOj8+P2tiFoy6KGv+ePWWYurmdoOx56xb4FZzcBkoF5Zg==",
      "cpu": [
        "x64"
      ],
      "license": "MIT",
      "optional": true,
      "os": [
        "darwin"
      ],
      "engines": {
        "node": ">= 10"
      }
    },
    "node_modules/@moneydevkit/lightning-js-linux-arm64-gnu": {
      "version": "0.1.79",
      "resolved": "https://registry.npmjs.org/@moneydevkit/lightning-js-linux-arm64-gnu/-/lightning-js-linux-arm64-gnu-0.1.79.tgz",
      "integrity": "sha512-g6CIgWYUcLHeiFQpXlbCBFGwovCXGyFC7xYaNGSv4UHktChbaj3eg1wAPp5Zeza7FdvPJ2+pVkZts8qKCKkufA==",
      "cpu": [
        "arm64"
      ],
      "license": "MIT",
      "optional": true,
      "os": [
        "linux"
      ],
      "engines": {
        "node": ">= 10"
      }
    },
    "node_modules/@moneydevkit/lightning-js-linux-arm64-musl": {
      "version": "0.1.79",
      "resolved": "https://registry.npmjs.org/@moneydevkit/lightning-js-linux-arm64-musl/-/lightning-js-linux-arm64-musl-0.1.79.tgz",
      "integrity": "sha512-IZyk6EeBGanINlH6YsYlGzAuHLFKsUnbKpudYNZMc1XgkKzMPPyS1HMAo1B3S5da8Hqq77ZnRo40MpPMPLi6tA==",
      "cpu": [
        "arm64"
      ],
      "license": "MIT",
      "optional": true,
      "os": [
        "linux"
      ],
      "engines": {
        "node": ">= 10"
      }
    },
    "node_modules/@moneydevkit/lightning-js-linux-x64-gnu": {
      "version": "0.1.79",
      "resolved": "https://registry.npmjs.org/@moneydevkit/lightning-js-linux-x64-gnu/-/lightning-js-linux-x64-gnu-0.1.79.tgz",
      "integrity": "sha512-oAWLhbv0agTpbs7+kVf0ijhcchl/Xs0YSWpe+wnrhK9rQ5/NuiDa8SN9BLfcCv4L1CMMZ8uAjPxwMj9ALjwVbg==",
      "cpu": [
        "x64"
      ],
      "license": "MIT",
      "optional": true,
      "os": [
        "linux"
      ],
      "engines": {
        "node": ">= 10"
      }
    },
    "node_modules/@moneydevkit/lightning-js-linux-x64-musl": {
      "version": "0.1.79",
      "resolved": "https://registry.npmjs.org/@moneydevkit/lightning-js-linux-x64-musl/-/lightning-js-linux-x64-musl-0.1.79.tgz",
      "integrity": "sha512-todLUQ7fVbSzv+UAeOg8TnVde1f+BJOTrPwWiC9bNXJzoadRvw4T0TMOIZg8/JtAWbBv38mrMyA5qIc+f3nmDA==",
      "cpu": [
        "x64"
      ],
      "license": "MIT",
      "optional": true,
      "os": [
        "linux"
      ],
      "engines": {
        "node": ">= 10"
      }
    },
    "node_modules/@moneydevkit/lightning-js-win32-arm64-msvc": {
      "version": "0.1.79",
      "resolved": "https://registry.npmjs.org/@moneydevkit/lightning-js-win32-arm64-msvc/-/lightning-js-win32-arm64-msvc-0.1.79.tgz",
      "integrity": "sha512-6r47TXqr09af/SloWbaGHz7ujSLoaHWAsWLcauYQsm5YCmTX3pXV498ZB24Y14z+2BA6Jc0/OL1tekP+b7lHKw==",
      "cpu": [
        "arm64"
      ],
      "license": "MIT",
      "optional": true,
      "os": [
        "win32"
      ],
      "engines": {
        "node": ">= 10"
      }
    },
    "node_modules/@moneydevkit/lightning-js-win32-ia32-msvc": {
      "version": "0.1.79",
      "resolved": "https://registry.npmjs.org/@moneydevkit/lightning-js-win32-ia32-msvc/-/lightning-js-win32-ia32-msvc-0.1.79.tgz",
      "integrity": "sha512-UTscwiMqDCkv5sWM0AW0GGdQq8P3YFRaQnGzc2pQpFnOF8gVWd6J6wUHenObX0rY0xKG6C1XbrH7miySEYpPCQ==",
      "cpu": [
        "ia32"
      ],
      "license": "MIT",
      "optional": true,
      "os": [
        "win32"
      ],
      "engines": {
        "node": ">= 10"
      }
    },
    "node_modules/@moneydevkit/lightning-js-win32-x64-msvc": {
      "version": "0.1.79",
      "resolved": "https://registry.npmjs.org/@moneydevkit/lightning-js-win32-x64-msvc/-/lightning-js-win32-x64-msvc-0.1.79.tgz",
      "integrity": "sha512-3oVTOW8C8WeHpCg4dhEkDMtSYHJ5cO84yA+lcY51wKX3QxMP8sdzJiCZHRnfguyafRZ4HBxQ2Ek7anOTQBD4JQ==",
      "cpu": [
        "x64"
      ],
      "license": "MIT",
      "optional": true,
      "os": [
        "win32"
      ],
      "engines": {
        "node": ">= 10"
      }
    },
    "node_modules/@moneydevkit/lightning-js/node_modules/@moneydevkit/lightning-js-android-arm-eabi": {
      "optional": true
    },
    "node_modules/@moneydevkit/lightning-js/node_modules/@moneydevkit/lightning-js-freebsd-x64": {
      "optional": true
    },
    "node_modules/@moneydevkit/lightning-js/node_modules/@moneydevkit/lightning-js-linux-arm-gnueabihf": {
      "optional": true
    }
  }
}
